Microsoft Visual Studio Solution File, Format Version 12.00
# Visual Studio Version 17
VisualStudioVersion = 17.5.2.0
MinimumVisualStudioVersion = 10.0.40219.1
Project("{FAE04EC0-301F-11D3-BF4B-00C04F79EFBC}") = "api", "api.csproj", "{DD093E43-9666-E61D-B214-1E727DFB55A5}"
EndProject
Global
	GlobalSection(SolutionConfigurationPlatforms) = preSolution
		Debug|Any CPU = Debug|Any CPU
		Release|Any CPU = Release|Any CPU
	EndGlobalSection
	GlobalSection(ProjectConfigurationPlatforms) = postSolution
		{DD093E43-9666-E61D-B214-1E727DFB55A5}.Debug|Any CPU.ActiveCfg = Debug|Any CPU
		{DD093E43-9666-E61D-B214-1E727DFB55A5}.Debug|Any CPU.Build.0 = Debug|Any CPU
		{DD093E43-9666-E61D-B214-1E727DFB55A5}.Release|Any CPU.ActiveCfg = Release|Any CPU
		{DD093E43-9666-E61D-B214-1E727DFB55A5}.Release|Any CPU.Build.0 = Release|Any CPU
	EndGlobalSection
	GlobalSection(SolutionProperties) = preSolution
		HideSolutionNode = FALSE
	EndGlobalSection
	GlobalSection(ExtensibilityGlobals) = postSolution
		SolutionGuid = {4F74D90A-7FB4-42E0-9810-DF2162124488}
	EndGlobalSection
EndGlobal
